PODS:
  - RxCocoa (6.6.0):
    - RxRelay (= 6.6.0)
    - RxSwift (= 6.6.0)
  - RxFlow (2.13.0):
    - RxCocoa (>= 6.0.0)
    - RxSwift (>= 6.0.0)
  - RxRelay (6.6.0):
    - RxSwift (= 6.6.0)
  - RxSwift (6.6.0)

DEPENDENCIES:
  - RxCocoa (= 6.6.0)
  - RxFlow
  - RxSwift (= 6.6.0)

SPEC REPOS:
  trunk:
    - RxCocoa
    - RxFlow
    - RxRelay
    - RxSwift

SPEC CHECKSUMS:
  RxCocoa: 44a80de90e25b739b5aeaae3c8c371a32e3343cc
  RxFlow: 52f6f6379918392c1ea8cb62d8dcf2df9a5463dd
  RxRelay: 45eaa5db8ee4fb50e5ebd57deec0159e97fa51e6
  RxSwift: a4b44f7d24599f674deebd1818eab82e58410632

PODFILE CHECKSUM: bf40f7688576453a04bf1dee54dbf468ed122031

COCOAPODS: 1.14.3
